<?xml version="1.0" encoding="utf-8"?>
<Project ToolsVersion="4.0" xmlns="http://schemas.microsoft.com/developer/msbuild/2003">
  <ItemGroup>
    <Filter Include="Font">
      <UniqueIdentifier>{DC58857C-C88F-860D-717C-6C105D92020F}</UniqueIdentifier>
    </Filter>
    <Filter Include="Panels">
      <UniqueIdentifier>{A80D95C9-94AF-BF9F-7D6A-D3F369AB46F0}</UniqueIdentifier>
    </Filter>
    <Filter Include="Systems">
      <UniqueIdentifier>{1DDE831B-89BD-02B7-92D5-8D8DFE336918}</UniqueIdentifier>
    </Filter>
    <Filter Include="Theme">
      <UniqueIdentifier>{F8CD290E-64E2-51BF-2D64-F51E99374EF0}</UniqueIdentifier>
    </Filter>
  </ItemGroup>
  <ItemGroup>
    <ClInclude Include="src\EditorLayer.h" />
    <ClInclude Include="src\Font\ImGuiFont.h">
      <Filter>Font</Filter>
    </ClInclude>
    <ClInclude Include="src\Font\ImGuiOpenSansFont.h">
      <Filter>Font</Filter>
    </ClInclude>
    <ClInclude Include="src\Font\ImGuiPlusJakartaFont.h">
      <Filter>Font</Filter>
    </ClInclude>
    <ClInclude Include="src\Font\ImGuiRobotoFont.h">
      <Filter>Font</Filter>
    </ClInclude>
    <ClInclude Include="src\Panels\FontMenu.h">
      <Filter>Panels</Filter>
    </ClInclude>
    <ClInclude Include="src\Panels\SceneHierarchyPanel.h">
      <Filter>Panels</Filter>
    </ClInclude>
    <ClInclude Include="src\Panels\ThemeMenu.h">
      <Filter>Panels</Filter>
    </ClInclude>
    <ClInclude Include="src\Panels\WindowPanel.h">
      <Filter>Panels</Filter>
    </ClInclude>
    <ClInclude Include="src\Systems\ParticleSystem.h">
      <Filter>Systems</Filter>
    </ClInclude>
    <ClInclude Include="src\Systems\Player.h">
      <Filter>Systems</Filter>
    </ClInclude>
    <ClInclude Include="src\Systems\WorldGeneration.h">
      <Filter>Systems</Filter>
    </ClInclude>
    <ClInclude Include="src\Theme\IImGuiTheme.h">
      <Filter>Theme</Filter>
    </ClInclude>
    <ClInclude Include="src\Theme\ImGuiBrightDarkTheme.h">
      <Filter>Theme</Filter>
    </ClInclude>
    <ClInclude Include="src\Theme\ImGuiDarkBlueTheme.h">
      <Filter>Theme</Filter>
    </ClInclude>
    <ClInclude Include="src\Theme\ImGuiDarkGreenTheme.h">
      <Filter>Theme</Filter>
    </ClInclude>
    <ClInclude Include="src\Theme\ImGuiFullDarkTheme.h">
      <Filter>Theme</Filter>
    </ClInclude>
  </ItemGroup>
  <ItemGroup>
    <ClCompile Include="src\EditorLayer.cpp" />
    <ClCompile Include="src\Font\ImGuiOpenSansFont.cpp">
      <Filter>Font</Filter>
    </ClCompile>
    <ClCompile Include="src\Font\ImGuiPlusJakartaFont.cpp">
      <Filter>Font</Filter>
    </ClCompile>
    <ClCompile Include="src\Font\ImGuiRobotoFont.cpp">
      <Filter>Font</Filter>
    </ClCompile>
    <ClCompile Include="src\LWEditor.cpp" />
    <ClCompile Include="src\Panels\FontMenu.cpp">
      <Filter>Panels</Filter>
    </ClCompile>
    <ClCompile Include="src\Panels\SceneHierarchyPanel.cpp">
      <Filter>Panels</Filter>
    </ClCompile>
    <ClCompile Include="src\Panels\ThemeMenu.cpp">
      <Filter>Panels</Filter>
    </ClCompile>
    <ClCompile Include="src\Panels\WindowPanel.cpp">
      <Filter>Panels</Filter>
    </ClCompile>
    <ClCompile Include="src\Systems\ParticleSystem.cpp">
      <Filter>Systems</Filter>
    </ClCompile>
    <ClCompile Include="src\Systems\Player.cpp">
      <Filter>Systems</Filter>
    </ClCompile>
    <ClCompile Include="src\Systems\WorldGeneration.cpp">
      <Filter>Systems</Filter>
    </ClCompile>
    <ClCompile Include="src\Theme\ImGuiBrightDarkTheme.cpp">
      <Filter>Theme</Filter>
    </ClCompile>
    <ClCompile Include="src\Theme\ImGuiDarkBlueTheme.cpp">
      <Filter>Theme</Filter>
    </ClCompile>
    <ClCompile Include="src\Theme\ImGuiDarkGreenTheme.cpp">
      <Filter>Theme</Filter>
    </ClCompile>
    <ClCompile Include="src\Theme\ImGuiFullDarkTheme.cpp">
      <Filter>Theme</Filter>
    </ClCompile>
  </ItemGroup>
</Project>