
Microsoft Visual Studio Solution File, Format Version 12.00
# Visual Studio Version 17
Project("{8BC9CEB8-8B4A-11D0-8D11-00A0C91BC942}") = "ExampleGame", "ExampleGame\ExampleGame.vcxproj", "{4B1C3D2E-B7D1-B523-40C6-AFFAAC7AAC27}"
EndProject
Project("{8BC9CEB8-8B4A-11D0-8D11-00A0C91BC942}") = "GLFW", "LW-Game-Engine\vendor\GLFW\GLFW.vcxproj", "{154B857C-0182-860D-AA6E-6C109684020F}"
EndProject
Project("{8BC9CEB8-8B4A-11D0-8D11-00A0C91BC942}") = "Glad", "LW-Game-Engine\vendor\Glad\Glad.vcxproj", "{BDD6857C-A90D-870D-52FA-6C103E10030F}"
EndProject
Project("{8BC9CEB8-8B4A-11D0-8D11-00A0C91BC942}") = "ImGui", "LW-Game-Engine\vendor\imgui\ImGui.vcxproj", "{C0FF640D-2C14-8DBE-F595-301E616989EF}"
EndProject
Project("{8BC9CEB8-8B4A-11D0-8D11-00A0C91BC942}") = "LW-Game-Engine", "LW-Game-Engine\LW-Game-Engine.vcxproj", "{328828BC-1E56-1CC2-07EA-8CE8F356F826}"
EndProject
Project("{8BC9CEB8-8B4A-11D0-8D11-00A0C91BC942}") = "LW-Game-Engine-Editor", "LW-Game-Engine-Editor\LW-Game-Engine-Editor.vcxproj", "{A6DF58CD-124C-14C8-DB3F-AC25476B3630}"
EndProject
Project("{8BC9CEB8-8B4A-11D0-8D11-00A0C91BC942}") = "Sandbox", "Sandbox\Sandbox.vcxproj", "{F4C124E3-60A1-A37E-69B9-2E55D5170AE0}"
EndProject
Project("{8BC9CEB8-8B4A-11D0-8D11-00A0C91BC942}") = "yaml-cpp", "LW-Game-Engine\vendor\yaml-cpp\yaml-cpp.vcxproj", "{88F1A057-74BE-FB62-9DD7-E90A890331F1}"
EndProject
Global
	GlobalSection(SolutionConfigurationPlatforms) = preSolution
		Debug|x64 = Debug|x64
		Dist|x64 = Dist|x64
		Release|x64 = Release|x64
	EndGlobalSection
	GlobalSection(ProjectConfigurationPlatforms) = postSolution
		{4B1C3D2E-B7D1-B523-40C6-AFFAAC7AAC27}.Debug|x64.ActiveCfg = Debug|x64
		{4B1C3D2E-B7D1-B523-40C6-AFFAAC7AAC27}.Debug|x64.Build.0 = Debug|x64
		{4B1C3D2E-B7D1-B523-40C6-AFFAAC7AAC27}.Dist|x64.ActiveCfg = Dist|x64
		{4B1C3D2E-B7D1-B523-40C6-AFFAAC7AAC27}.Dist|x64.Build.0 = Dist|x64
		{4B1C3D2E-B7D1-B523-40C6-AFFAAC7AAC27}.Release|x64.ActiveCfg = Release|x64
		{4B1C3D2E-B7D1-B523-40C6-AFFAAC7AAC27}.Release|x64.Build.0 = Release|x64
		{154B857C-0182-860D-AA6E-6C109684020F}.Debug|x64.ActiveCfg = Debug|x64
		{154B857C-0182-860D-AA6E-6C109684020F}.Debug|x64.Build.0 = Debug|x64
		{154B857C-0182-860D-AA6E-6C109684020F}.Dist|x64.ActiveCfg = Dist|x64
		{154B857C-0182-860D-AA6E-6C109684020F}.Dist|x64.Build.0 = Dist|x64
		{154B857C-0182-860D-AA6E-6C109684020F}.Release|x64.ActiveCfg = Release|x64
		{154B857C-0182-860D-AA6E-6C109684020F}.Release|x64.Build.0 = Release|x64
		{BDD6857C-A90D-870D-52FA-6C103E10030F}.Debug|x64.ActiveCfg = Debug|x64
		{BDD6857C-A90D-870D-52FA-6C103E10030F}.Debug|x64.Build.0 = Debug|x64
		{BDD6857C-A90D-870D-52FA-6C103E10030F}.Dist|x64.ActiveCfg = Dist|x64
		{BDD6857C-A90D-870D-52FA-6C103E10030F}.Dist|x64.Build.0 = Dist|x64
		{BDD6857C-A90D-870D-52FA-6C103E10030F}.Release|x64.ActiveCfg = Release|x64
		{BDD6857C-A90D-870D-52FA-6C103E10030F}.Release|x64.Build.0 = Release|x64
		{C0FF640D-2C14-8DBE-F595-301E616989EF}.Debug|x64.ActiveCfg = Debug|x64
		{C0FF640D-2C14-8DBE-F595-301E616989EF}.Debug|x64.Build.0 = Debug|x64
		{C0FF640D-2C14-8DBE-F595-301E616989EF}.Dist|x64.ActiveCfg = Dist|x64
		{C0FF640D-2C14-8DBE-F595-301E616989EF}.Dist|x64.Build.0 = Dist|x64
		{C0FF640D-2C14-8DBE-F595-301E616989EF}.Release|x64.ActiveCfg = Release|x64
		{C0FF640D-2C14-8DBE-F595-301E616989EF}.Release|x64.Build.0 = Release|x64
		{328828BC-1E56-1CC2-07EA-8CE8F356F826}.Debug|x64.ActiveCfg = Debug|x64
		{328828BC-1E56-1CC2-07EA-8CE8F356F826}.Debug|x64.Build.0 = Debug|x64
		{328828BC-1E56-1CC2-07EA-8CE8F356F826}.Dist|x64.ActiveCfg = Dist|x64
		{328828BC-1E56-1CC2-07EA-8CE8F356F826}.Dist|x64.Build.0 = Dist|x64
		{328828BC-1E56-1CC2-07EA-8CE8F356F826}.Release|x64.ActiveCfg = Release|x64
		{328828BC-1E56-1CC2-07EA-8CE8F356F826}.Release|x64.Build.0 = Release|x64
		{A6DF58CD-124C-14C8-DB3F-AC25476B3630}.Debug|x64.ActiveCfg = Debug|x64
		{A6DF58CD-124C-14C8-DB3F-AC25476B3630}.Debug|x64.Build.0 = Debug|x64
		{A6DF58CD-124C-14C8-DB3F-AC25476B3630}.Dist|x64.ActiveCfg = Dist|x64
		{A6DF58CD-124C-14C8-DB3F-AC25476B3630}.Dist|x64.Build.0 = Dist|x64
		{A6DF58CD-124C-14C8-DB3F-AC25476B3630}.Release|x64.ActiveCfg = Release|x64
		{A6DF58CD-124C-14C8-DB3F-AC25476B3630}.Release|x64.Build.0 = Release|x64
		{F4C124E3-60A1-A37E-69B9-2E55D5170AE0}.Debug|x64.ActiveCfg = Debug|x64
		{F4C124E3-60A1-A37E-69B9-2E55D5170AE0}.Debug|x64.Build.0 = Debug|x64
		{F4C124E3-60A1-A37E-69B9-2E55D5170AE0}.Dist|x64.ActiveCfg = Dist|x64
		{F4C124E3-60A1-A37E-69B9-2E55D5170AE0}.Dist|x64.Build.0 = Dist|x64
		{F4C124E3-60A1-A37E-69B9-2E55D5170AE0}.Release|x64.ActiveCfg = Release|x64
		{F4C124E3-60A1-A37E-69B9-2E55D5170AE0}.Release|x64.Build.0 = Release|x64
		{88F1A057-74BE-FB62-9DD7-E90A890331F1}.Debug|x64.ActiveCfg = Debug|x64
		{88F1A057-74BE-FB62-9DD7-E90A890331F1}.Debug|x64.Build.0 = Debug|x64
		{88F1A057-74BE-FB62-9DD7-E90A890331F1}.Dist|x64.ActiveCfg = Dist|x64
		{88F1A057-74BE-FB62-9DD7-E90A890331F1}.Dist|x64.Build.0 = Dist|x64
		{88F1A057-74BE-FB62-9DD7-E90A890331F1}.Release|x64.ActiveCfg = Release|x64
		{88F1A057-74BE-FB62-9DD7-E90A890331F1}.Release|x64.Build.0 = Release|x64
	EndGlobalSection
	GlobalSection(SolutionProperties) = preSolution
		HideSolutionNode = FALSE
	EndGlobalSection
EndGlobal
