<?xml version="1.0" encoding="utf-8"?>
<Project ToolsVersion="4.0" xmlns="http://schemas.microsoft.com/developer/msbuild/2003">
  <ItemGroup>
    <Filter Include="LWEngine">
      <UniqueIdentifier>{7EE53D71-6AB2-987C-93CB-86247FF7CD0A}</UniqueIdentifier>
    </Filter>
    <Filter Include="LWEngine\Events">
      <UniqueIdentifier>{A2B7E601-0E43-54C6-1754-D7BA835EB0C6}</UniqueIdentifier>
    </Filter>
    <Filter Include="LWEngine\ImGui">
      <UniqueIdentifier>{280188D9-14CF-7BDF-FD62-EC05E9CF5744}</UniqueIdentifier>
    </Filter>
    <Filter Include="Platform">
      <UniqueIdentifier>{2AC788B4-1694-E3BF-3FAD-D1672BD9184E}</UniqueIdentifier>
    </Filter>
    <Filter Include="Platform\Windows">
      <UniqueIdentifier>{64FBD71A-50F4-F66C-7926-DCF1657ED678}</UniqueIdentifier>
    </Filter>
  </ItemGroup>
  <ItemGroup>
    <ClInclude Include="src\LWEngine.h" />
    <ClInclude Include="src\LWEngine\Application.h">
      <Filter>LWEngine</Filter>
    </ClInclude>
    <ClInclude Include="src\LWEngine\Core.h">
      <Filter>LWEngine</Filter>
    </ClInclude>
    <ClInclude Include="src\LWEngine\EntryPoint.h">
      <Filter>LWEngine</Filter>
    </ClInclude>
    <ClInclude Include="src\LWEngine\Events\ApplicationEvent.h">
      <Filter>LWEngine\Events</Filter>
    </ClInclude>
    <ClInclude Include="src\LWEngine\Events\Event.h">
      <Filter>LWEngine\Events</Filter>
    </ClInclude>
    <ClInclude Include="src\LWEngine\Events\KeyEvent.h">
      <Filter>LWEngine\Events</Filter>
    </ClInclude>
    <ClInclude Include="src\LWEngine\Events\MouseEvent.h">
      <Filter>LWEngine\Events</Filter>
    </ClInclude>
    <ClInclude Include="src\LWEngine\ImGui\ImGuiLayer.h">
      <Filter>LWEngine\ImGui</Filter>
    </ClInclude>
    <ClInclude Include="src\LWEngine\Layer.h">
      <Filter>LWEngine</Filter>
    </ClInclude>
    <ClInclude Include="src\LWEngine\LayerStack.h">
      <Filter>LWEngine</Filter>
    </ClInclude>
    <ClInclude Include="src\LWEngine\Log.h">
      <Filter>LWEngine</Filter>
    </ClInclude>
    <ClInclude Include="src\LWEngine\Window.h">
      <Filter>LWEngine</Filter>
    </ClInclude>
    <ClInclude Include="src\Platform\Windows\WindowsWindow.h">
      <Filter>Platform\Windows</Filter>
    </ClInclude>
    <ClInclude Include="src\lwpch.h" />
    <ClInclude Include="src\Platform\Windows\WindowsInput.h" />
    <ClInclude Include="src\LWEngine\KeyCodes.h" />
    <ClInclude Include="src\LWEngine\MouseButtonCodes.h" />
  </ItemGroup>
  <ItemGroup>
    <ClCompile Include="src\LWEngine\Application.cpp">
      <Filter>LWEngine</Filter>
    </ClCompile>
    <ClCompile Include="src\LWEngine\ImGui\ImGuiBuild.cpp">
      <Filter>LWEngine\ImGui</Filter>
    </ClCompile>
    <ClCompile Include="src\LWEngine\ImGui\ImGuiLayer.cpp">
      <Filter>LWEngine\ImGui</Filter>
    </ClCompile>
    <ClCompile Include="src\LWEngine\Layer.cpp">
      <Filter>LWEngine</Filter>
    </ClCompile>
    <ClCompile Include="src\LWEngine\LayerStack.cpp">
      <Filter>LWEngine</Filter>
    </ClCompile>
    <ClCompile Include="src\LWEngine\Log.cpp">
      <Filter>LWEngine</Filter>
    </ClCompile>
    <ClCompile Include="src\Platform\Windows\WindowsWindow.cpp">
      <Filter>Platform\Windows</Filter>
    </ClCompile>
    <ClCompile Include="src\lwpch.cpp" />
    <ClCompile Include="src\LWEngine\Input.h" />
    <ClCompile Include="src\Platform\Windows\WindowsInput.cpp" />
  </ItemGroup>
</Project>