<?xml version="1.0" encoding="utf-8"?>
<Project ToolsVersion="4.0" xmlns="http://schemas.microsoft.com/developer/msbuild/2003">
  <ItemGroup>
    <Filter Include="LWEngine">
      <UniqueIdentifier>{7EE53D71-6AB2-987C-93CB-86247FF7CD0A}</UniqueIdentifier>
    </Filter>
  </ItemGroup>
  <ItemGroup>
    <ClInclude Include="src\LWEngine.h" />
    <ClInclude Include="src\LWEngine\Application.h">
      <Filter>LWEngine</Filter>
    </ClInclude>
    <ClInclude Include="src\LWEngine\Core.h">
      <Filter>LWEngine</Filter>
    </ClInclude>
    <ClInclude Include="src\LWEngine\EntryPoint.h">
      <Filter>LWEngine</Filter>
    </ClInclude>
    <ClInclude Include="src\LWEngine\Log.h">
      <Filter>LWEngine</Filter>
    </ClInclude>
    <ClInclude Include="src\LWEngine\Events\Event.h" />
    <ClInclude Include="src\LWEngine\Events\ApplicationEvent.h" />
    <ClInclude Include="src\LWEngine\Events\KeyEvent.h" />
    <ClInclude Include="src\LWEngine\Events\MouseEvent.h" />
  </ItemGroup>
  <ItemGroup>
    <ClCompile Include="src\LWEngine\Application.cpp">
      <Filter>LWEngine</Filter>
    </ClCompile>
    <ClCompile Include="src\LWEngine\Log.cpp">
      <Filter>LWEngine</Filter>
    </ClCompile>
  </ItemGroup>
  <ItemGroup>
    <None Include="cpp.hint" />
  </ItemGroup>
</Project>